// !$*UTF8*$!
{
	archiveVersion = 1;
	classes = {
	};
	objectVersion = 50;
	objects = {

/* Begin PBXBuildFile section */
		A240806621E98B830058E1E1 /* AppDelegate.swift in Sources */ = {isa = PBXBuildFile; fileRef = A240806521E98B830058E1E1 /* AppDelegate.swift */; };
		A240806821E98B830058E1E1 /* ViewController.swift in Sources */ = {isa = PBXBuildFile; fileRef = A240806721E98B830058E1E1 /* ViewController.swift */; };
		A240806B21E98B830058E1E1 /* Main.storyboard in Resources */ = {isa = PBXBuildFile; fileRef = A240806921E98B830058E1E1 /* Main.storyboard */; };
		A240806D21E98B850058E1E1 /* Assets.xcassets in Resources */ = {isa = PBXBuildFile; fileRef = A240806C21E98B850058E1E1 /* Assets.xcassets */; };
		A240807021E98B850058E1E1 /* LaunchScreen.storyboard in Resources */ = {isa = PBXBuildFile; fileRef = A240806E21E98B850058E1E1 /* LaunchScreen.storyboard */; };
		A240807921E98BE00058E1E1 /* EasyCycleView.swift in Sources */ = {isa = PBXBuildFile; fileRef = A240807821E98BE00058E1E1 /* EasyCycleView.swift */; };
		A240807B21E98F840058E1E1 /* EasyCycleLayout.swift in Sources */ = {isa = PBXBuildFile; fileRef = A240807A21E98F840058E1E1 /* EasyCycleLayout.swift */; };
		A240807D21E98FB70058E1E1 /* EasyCycleViewCell.swift in Sources */ = {isa = PBXBuildFile; fileRef = A240807C21E98FB60058E1E1 /* EasyCycleViewCell.swift */; };
		A240807F21E98FFF0058E1E1 /* EasyPageControl.swift in Sources */ = {isa = PBXBuildFile; fileRef = A240807E21E98FFF0058E1E1 /* EasyPageControl.swift */; };
		A240808221E9996A0058E1E1 /* EasyCycleView.podspec in Resources */ = {isa = PBXBuildFile; fileRef = A240808121E9996A0058E1E1 /* EasyCycleView.podspec */; };
		D4A7FB93C754731C1B6D73AB /* Pods_EasyCycleView.framework in Frameworks */ = {isa = PBXBuildFile; fileRef = 0D519ACE4C70BEE534869A41 /* Pods_EasyCycleView.framework */; };
/* End PBXBuildFile section */

/* Begin PBXFileReference section */
		0D519ACE4C70BEE534869A41 /* Pods_EasyCycleView.framework */ = {isa = PBXFileReference; explicitFileType = wrapper.framework; includeInIndex = 0; path = Pods_EasyCycleView.framework; sourceTree = BUILT_PRODUCTS_DIR; };
		35640DCA0D67F5FEA1E34223 /* Pods-EasyCycleView.release.xcconfig */ = {isa = PBXFileReference; includeInIndex = 1; lastKnownFileType = text.xcconfig; name = "Pods-EasyCycleView.release.xcconfig"; path = "Pods/Target Support Files/Pods-EasyCycleView/Pods-EasyCycleView.release.xcconfig"; sourceTree = "<group>"; };
		A240806221E98B830058E1E1 /* EasyCycleView.app */ = {isa = PBXFileReference; explicitFileType = wrapper.application; includeInIndex = 0; path = EasyCycleView.app; sourceTree = BUILT_PRODUCTS_DIR; };
		A240806521E98B830058E1E1 /* AppDelegate.swift */ = {isa = PBXFileReference; lastKnownFileType = sourcecode.swift; path = AppDelegate.swift; sourceTree = "<group>"; };
		A240806721E98B830058E1E1 /* ViewController.swift */ = {isa = PBXFileReference; lastKnownFileType = sourcecode.swift; path = ViewController.swift; sourceTree = "<group>"; };
		A240806A21E98B830058E1E1 /* Base */ = {isa = PBXFileReference; lastKnownFileType = file.storyboard; name = Base; path = Base.lproj/Main.storyboard; sourceTree = "<group>"; };
		A240806C21E98B850058E1E1 /* Assets.xcassets */ = {isa = PBXFileReference; lastKnownFileType = folder.assetcatalog; path = Assets.xcassets; sourceTree = "<group>"; };
		A240806F21E98B850058E1E1 /* Base */ = {isa = PBXFileReference; lastKnownFileType = file.storyboard; name = Base; path = Base.lproj/LaunchScreen.storyboard; sourceTree = "<group>"; };
		A240807121E98B850058E1E1 /* Info.plist */ = {isa = PBXFileReference; lastKnownFileType = text.plist.xml; path = Info.plist; sourceTree = "<group>"; };
		A240807821E98BE00058E1E1 /* EasyCycleView.swift */ = {isa = PBXFileReference; lastKnownFileType = sourcecode.swift; path = EasyCycleView.swift; sourceTree = "<group>"; };
		A240807A21E98F840058E1E1 /* EasyCycleLayout.swift */ = {isa = PBXFileReference; lastKnownFileType = sourcecode.swift; path = EasyCycleLayout.swift; sourceTree = "<group>"; };
		A240807C21E98FB60058E1E1 /* EasyCycleViewCell.swift */ = {isa = PBXFileReference; lastKnownFileType = sourcecode.swift; path = EasyCycleViewCell.swift; sourceTree = "<group>"; };
		A240807E21E98FFF0058E1E1 /* EasyPageControl.swift */ = {isa = PBXFileReference; lastKnownFileType = sourcecode.swift; path = EasyPageControl.swift; sourceTree = "<group>"; };
		A240808121E9996A0058E1E1 /* EasyCycleView.podspec */ = {isa = PBXFileReference; explicitFileType = text.script.ruby; fileEncoding = 4; path = EasyCycleView.podspec; sourceTree = SOURCE_ROOT; };
		C11DE280D4AA8AE408982C0E /* Pods-EasyCycleView.debug.xcconfig */ = {isa = PBXFileReference; includeInIndex = 1; lastKnownFileType = text.xcconfig; name = "Pods-EasyCycleView.debug.xcconfig"; path = "Pods/Target Support Files/Pods-EasyCycleView/Pods-EasyCycleView.debug.xcconfig"; sourceTree = "<group>"; };
/* End PBXFileReference section */

/* Begin PBXFrameworksBuildPhase section */
		A240805F21E98B830058E1E1 /* Frameworks */ = {
			isa = PBXFrameworksBuildPhase;
			buildActionMask = 2147483647;
			files = (
				D4A7FB93C754731C1B6D73AB /* Pods_EasyCycleView.framework in Frameworks */,
			);
			runOnlyForDeploymentPostprocessing = 0;
		};
/* End PBXFrameworksBuildPhase section */

/* Begin PBXGroup section */
		19741D5060AC05DC70F30614 /* Pods */ = {
			isa = PBXGroup;
			children = (
				C11DE280D4AA8AE408982C0E /* Pods-EasyCycleView.debug.xcconfig */,
				35640DCA0D67F5FEA1E34223 /* Pods-EasyCycleView.release.xcconfig */,
			);
			name = Pods;
			sourceTree = "<group>";
		};
		A240805921E98B830058E1E1 = {
			isa = PBXGroup;
			children = (
				A240806421E98B830058E1E1 /* EasyCycleView */,
				A240806321E98B830058E1E1 /* Products */,
				19741D5060AC05DC70F30614 /* Pods */,
				BAF7D183C2445DC97D60EE9D /* Frameworks */,
			);
			sourceTree = "<group>";
		};
		A240806321E98B830058E1E1 /* Products */ = {
			isa = PBXGroup;
			children = (
				A240806221E98B830058E1E1 /* EasyCycleView.app */,
			);
			name = Products;
			sourceTree = "<group>";
		};
		A240806421E98B830058E1E1 /* EasyCycleView */ = {
			isa = PBXGroup;
			children = (
				A240808021E999530058E1E1 /* Supporting Files */,
				A240807721E98BAE0058E1E1 /* Libs */,
				A240806521E98B830058E1E1 /* AppDelegate.swift */,
				A240806721E98B830058E1E1 /* ViewController.swift */,
				A240806921E98B830058E1E1 /* Main.storyboard */,
				A240806C21E98B850058E1E1 /* Assets.xcassets */,
				A240806E21E98B850058E1E1 /* LaunchScreen.storyboard */,
				A240807121E98B850058E1E1 /* Info.plist */,
			);
			path = EasyCycleView;
			sourceTree = "<group>";
		};
		A240807721E98BAE0058E1E1 /* Libs */ = {
			isa = PBXGroup;
			children = (
				A240807821E98BE00058E1E1 /* EasyCycleView.swift */,
				A240807A21E98F840058E1E1 /* EasyCycleLayout.swift */,
				A240807C21E98FB60058E1E1 /* EasyCycleViewCell.swift */,
				A240807E21E98FFF0058E1E1 /* EasyPageControl.swift */,
			);
			path = Libs;
			sourceTree = SOURCE_ROOT;
		};
		A240808021E999530058E1E1 /* Supporting Files */ = {
			isa = PBXGroup;
			children = (
				A240808121E9996A0058E1E1 /* EasyCycleView.podspec */,
			);
			name = "Supporting Files";
			sourceTree = "<group>";
		};
		BAF7D183C2445DC97D60EE9D /* Frameworks */ = {
			isa = PBXGroup;
			children = (
				0D519ACE4C70BEE534869A41 /* Pods_EasyCycleView.framework */,
			);
			name = Frameworks;
			sourceTree = "<group>";
		};
/* End PBXGroup section */

/* Begin PBXNativeTarget section */
		A240806121E98B830058E1E1 /* EasyCycleView */ = {
			isa = PBXNativeTarget;
			buildConfigurationList = A240807421E98B850058E1E1 /* Build configuration list for PBXNativeTarget "EasyCycleView" */;
			buildPhases = (
				3310F1426EC0D3181AA50313 /* [CP] Check Pods Manifest.lock */,
				A240805E21E98B830058E1E1 /* Sources */,
				A240805F21E98B830058E1E1 /* Frameworks */,
				A240806021E98B830058E1E1 /* Resources */,
				C3DCC1F1765DCD4941DDCA6E /* [CP] Embed Pods Frameworks */,
			);
			buildRules = (
			);
			dependencies = (
			);
			name = EasyCycleView;
			productName = EasyCycleView;
			productReference = A240806221E98B830058E1E1 /* EasyCycleView.app */;
			productType = "com.apple.product-type.application";
		};
/* End PBXNativeTarget section */

/* Begin PBXProject section */
		A240805A21E98B830058E1E1 /* Project object */ = {
			isa = PBXProject;
			attributes = {
				LastSwiftUpdateCheck = 1010;
				LastUpgradeCheck = 1010;
				ORGANIZATIONNAME = "王树军";
				TargetAttributes = {
					A240806121E98B830058E1E1 = {
						CreatedOnToolsVersion = 10.1;
					};
				};
			};
			buildConfigurationList = A240805D21E98B830058E1E1 /* Build configuration list for PBXProject "EasyCycleView" */;
			compatibilityVersion = "Xcode 9.3";
			developmentRegion = en;
			hasScannedForEncodings = 0;
			knownRegions = (
				en,
				Base,
			);
			mainGroup = A240805921E98B830058E1E1;
			productRefGroup = A240806321E98B830058E1E1 /* Products */;
			projectDirPath = "";
			projectRoot = "";
			targets = (
				A240806121E98B830058E1E1 /* EasyCycleView */,
			);
		};
/* End PBXProject section */

/* Begin PBXResourcesBuildPhase section */
		A240806021E98B830058E1E1 /* Resources */ = {
			isa = PBXResourcesBuildPhase;
			buildActionMask = 2147483647;
			files = (
				A240807021E98B850058E1E1 /* LaunchScreen.storyboard in Resources */,
				A240806D21E98B850058E1E1 /* Assets.xcassets in Resources */,
				A240808221E9996A0058E1E1 /* EasyCycleView.podspec in Resources */,
				A240806B21E98B830058E1E1 /* Main.storyboard in Resources */,
			);
			runOnlyForDeploymentPostprocessing = 0;
		};
/* End PBXResourcesBuildPhase section */

/* Begin PBXShellScriptBuildPhase section */
		3310F1426EC0D3181AA50313 /* [CP] Check Pods Manifest.lock */ = {
			isa = PBXShellScriptBuildPhase;
			buildActionMask = 2147483647;
			files = (
			);
			inputFileListPaths = (
			);
			inputPaths = (
				"${PODS_PODFILE_DIR_PATH}/Podfile.lock",
				"${PODS_ROOT}/Manifest.lock",
			);
			name = "[CP] Check Pods Manifest.lock";
			outputFileListPaths = (
			);
			outputPaths = (
				"$(DERIVED_FILE_DIR)/Pods-EasyCycleView-checkManifestLockResult.txt",
			);
			runOnlyForDeploymentPostprocessing = 0;
			shellPath = /bin/sh;
			shellScript = "diff \"${PODS_PODFILE_DIR_PATH}/Podfile.lock\" \"${PODS_ROOT}/Manifest.lock\" > /dev/null\nif [ $? != 0 ] ; then\n    # print error to STDERR\n    echo \"error: The sandbox is not in sync with the Podfile.lock. Run 'pod install' or update your CocoaPods installation.\" >&2\n    exit 1\nfi\n# This output is used by Xcode 'outputs' to avoid re-running this script phase.\necho \"SUCCESS\" > \"${SCRIPT_OUTPUT_FILE_0}\"\n";
			showEnvVarsInLog = 0;
		};
		C3DCC1F1765DCD4941DDCA6E /* [CP] Embed Pods Frameworks */ = {
			isa = PBXShellScriptBuildPhase;
			buildActionMask = 2147483647;
			files = (
			);
			inputFileListPaths = (
			);
			inputPaths = (
				"${SRCROOT}/Pods/Target Support Files/Pods-EasyCycleView/Pods-EasyCycleView-frameworks.sh",
				"${BUILT_PRODUCTS_DIR}/Kingfisher/Kingfisher.framework",
			);
			name = "[CP] Embed Pods Frameworks";
			outputFileListPaths = (
			);
			outputPaths = (
				"${TARGET_BUILD_DIR}/${FRAMEWORKS_FOLDER_PATH}/Kingfisher.framework",
			);
			runOnlyForDeploymentPostprocessing = 0;
			shellPath = /bin/sh;
			shellScript = "\"${SRCROOT}/Pods/Target Support Files/Pods-EasyCycleView/Pods-EasyCycleView-frameworks.sh\"\n";
			showEnvVarsInLog = 0;
		};
/* End PBXShellScriptBuildPhase section */

/* Begin PBXSourcesBuildPhase section */
		A240805E21E98B830058E1E1 /* Sources */ = {
			isa = PBXSourcesBuildPhase;
			buildActionMask = 2147483647;
			files = (
				A240807F21E98FFF0058E1E1 /* EasyPageControl.swift in Sources */,
				A240807B21E98F840058E1E1 /* EasyCycleLayout.swift in Sources */,
				A240807921E98BE00058E1E1 /* EasyCycleView.swift in Sources */,
				A240806821E98B830058E1E1 /* ViewController.swift in Sources */,
				A240806621E98B830058E1E1 /* AppDelegate.swift in Sources */,
				A240807D21E98FB70058E1E1 /* EasyCycleViewCell.swift in Sources */,
			);
			runOnlyForDeploymentPostprocessing = 0;
		};
/* End PBXSourcesBuildPhase section */

/* Begin PBXVariantGroup section */
		A240806921E98B830058E1E1 /* Main.storyboard */ = {
			isa = PBXVariantGroup;
			children = (
				A240806A21E98B830058E1E1 /* Base */,
			);
			name = Main.storyboard;
			sourceTree = "<group>";
		};
		A240806E21E98B850058E1E1 /* LaunchScreen.storyboard */ = {
			isa = PBXVariantGroup;
			children = (
				A240806F21E98B850058E1E1 /* Base */,
			);
			name = LaunchScreen.storyboard;
			sourceTree = "<group>";
		};
/* End PBXVariantGroup section */

/* Begin XCBuildConfiguration section */
		A240807221E98B850058E1E1 /* Debug */ = {
			isa = XCBuildConfiguration;
			buildSettings = {
				ALWAYS_SEARCH_USER_PATHS = NO;
				CLANG_ANALYZER_NONNULL = YES;
				CLANG_ANALYZER_NUMBER_OBJECT_CONVERSION = YES_AGGRESSIVE;
				CLANG_CXX_LANGUAGE_STANDARD = "gnu++14";
				CLANG_CXX_LIBRARY = "libc++";
				CLANG_ENABLE_MODULES = YES;
				CLANG_ENABLE_OBJC_ARC = YES;
				CLANG_ENABLE_OBJC_WEAK = YES;
				CLANG_WARN_BLOCK_CAPTURE_AUTORELEASING = YES;
				CLANG_WARN_BOOL_CONVERSION = YES;
				CLANG_WARN_COMMA = YES;
				CLANG_WARN_CONSTANT_CONVERSION = YES;
				CLANG_WARN_DEPRECATED_OBJC_IMPLEMENTATIONS = YES;
				CLANG_WARN_DIRECT_OBJC_ISA_USAGE = YES_ERROR;
				CLANG_WARN_DOCUMENTATION_COMMENTS = YES;
				CLANG_WARN_EMPTY_BODY = YES;
				CLANG_WARN_ENUM_CONVERSION = YES;
				CLANG_WARN_INFINITE_RECURSION = YES;
				CLANG_WARN_INT_CONVERSION = YES;
				CLANG_WARN_NON_LITERAL_NULL_CONVERSION = YES;
				CLANG_WARN_OBJC_IMPLICIT_RETAIN_SELF = YES;
				CLANG_WARN_OBJC_LITERAL_CONVERSION = YES;
				CLANG_WARN_OBJC_ROOT_CLASS = YES_ERROR;
				CLANG_WARN_RANGE_LOOP_ANALYSIS = YES;
				CLANG_WARN_STRICT_PROTOTYPES = YES;
				CLANG_WARN_SUSPICIOUS_MOVE = YES;
				CLANG_WARN_UNGUARDED_AVAILABILITY = YES_AGGRESSIVE;
				CLANG_WARN_UNREACHABLE_CODE = YES;
				CLANG_WARN__DUPLICATE_METHOD_MATCH = YES;
				CODE_SIGN_IDENTITY = "iPhone Developer";
				COPY_PHASE_STRIP = NO;
				DEBUG_INFORMATION_FORMAT = dwarf;
				ENABLE_STRICT_OBJC_MSGSEND = YES;
				ENABLE_TESTABILITY = YES;
				GCC_C_LANGUAGE_STANDARD = gnu11;
				GCC_DYNAMIC_NO_PIC = NO;
				GCC_NO_COMMON_BLOCKS = YES;
				GCC_OPTIMIZATION_LEVEL = 0;
				GCC_PREPROCESSOR_DEFINITIONS = (
					"DEBUG=1",
					"$(inherited)",
				);
				GCC_WARN_64_TO_32_BIT_CONVERSION = YES;
				GCC_WARN_ABOUT_RETURN_TYPE = YES_ERROR;
				GCC_WARN_UNDECLARED_SELECTOR = YES;
				GCC_WARN_UNINITIALIZED_AUTOS = YES_AGGRESSIVE;
				GCC_WARN_UNUSED_FUNCTION = YES;
				GCC_WARN_UNUSED_VARIABLE = YES;
				IPHONEOS_DEPLOYMENT_TARGET = 12.1;
				MTL_ENABLE_DEBUG_INFO = INCLUDE_SOURCE;
				MTL_FAST_MATH = YES;
				ONLY_ACTIVE_ARCH = YES;
				SDKROOT = iphoneos;
				SWIFT_ACTIVE_COMPILATION_CONDITIONS = DEBUG;
				SWIFT_OPTIMIZATION_LEVEL = "-Onone";
			};
			name = Debug;
		};
		A240807321E98B850058E1E1 /* Release */ = {
			isa = XCBuildConfiguration;
			buildSettings = {
				ALWAYS_SEARCH_USER_PATHS = NO;
				CLANG_ANALYZER_NONNULL = YES;
				CLANG_ANALYZER_NUMBER_OBJECT_CONVERSION = YES_AGGRESSIVE;
				CLANG_CXX_LANGUAGE_STANDARD = "gnu++14";
				CLANG_CXX_LIBRARY = "libc++";
				CLANG_ENABLE_MODULES = YES;
				CLANG_ENABLE_OBJC_ARC = YES;
				CLANG_ENABLE_OBJC_WEAK = YES;
				CLANG_WARN_BLOCK_CAPTURE_AUTORELEASING = YES;
				CLANG_WARN_BOOL_CONVERSION = YES;
				CLANG_WARN_COMMA = YES;
				CLANG_WARN_CONSTANT_CONVERSION = YES;
				CLANG_WARN_DEPRECATED_OBJC_IMPLEMENTATIONS = YES;
				CLANG_WARN_DIRECT_OBJC_ISA_USAGE = YES_ERROR;
				CLANG_WARN_DOCUMENTATION_COMMENTS = YES;
				CLANG_WARN_EMPTY_BODY = YES;
				CLANG_WARN_ENUM_CONVERSION = YES;
				CLANG_WARN_INFINITE_RECURSION = YES;
				CLANG_WARN_INT_CONVERSION = YES;
				CLANG_WARN_NON_LITERAL_NULL_CONVERSION = YES;
				CLANG_WARN_OBJC_IMPLICIT_RETAIN_SELF = YES;
				CLANG_WARN_OBJC_LITERAL_CONVERSION = YES;
				CLANG_WARN_OBJC_ROOT_CLASS = YES_ERROR;
				CLANG_WARN_RANGE_LOOP_ANALYSIS = YES;
				CLANG_WARN_STRICT_PROTOTYPES = YES;
				CLANG_WARN_SUSPICIOUS_MOVE = YES;
				CLANG_WARN_UNGUARDED_AVAILABILITY = YES_AGGRESSIVE;
				CLANG_WARN_UNREACHABLE_CODE = YES;
				CLANG_WARN__DUPLICATE_METHOD_MATCH = YES;
				CODE_SIGN_IDENTITY = "iPhone Developer";
				COPY_PHASE_STRIP = NO;
				DEBUG_INFORMATION_FORMAT = "dwarf-with-dsym";
				ENABLE_NS_ASSERTIONS = NO;
				ENABLE_STRICT_OBJC_MSGSEND = YES;
				GCC_C_LANGUAGE_STANDARD = gnu11;
				GCC_NO_COMMON_BLOCKS = YES;
				GCC_WARN_64_TO_32_BIT_CONVERSION = YES;
				GCC_WARN_ABOUT_RETURN_TYPE = YES_ERROR;
				GCC_WARN_UNDECLARED_SELECTOR = YES;
				GCC_WARN_UNINITIALIZED_AUTOS = YES_AGGRESSIVE;
				GCC_WARN_UNUSED_FUNCTION = YES;
				GCC_WARN_UNUSED_VARIABLE = YES;
				IPHONEOS_DEPLOYMENT_TARGET = 12.1;
				MTL_ENABLE_DEBUG_INFO = NO;
				MTL_FAST_MATH = YES;
				SDKROOT = iphoneos;
				SWIFT_COMPILATION_MODE = wholemodule;
				SWIFT_OPTIMIZATION_LEVEL = "-O";
				VALIDATE_PRODUCT = YES;
			};
			name = Release;
		};
		A240807521E98B850058E1E1 /* Debug */ = {
			isa = XCBuildConfiguration;
			baseConfigurationReference = C11DE280D4AA8AE408982C0E /* Pods-EasyCycleView.debug.xcconfig */;
			buildSettings = {
				ASSETCATALOG_COMPILER_APPICON_NAME = AppIcon;
				CODE_SIGN_STYLE = Automatic;
				INFOPLIST_FILE = EasyCycleView/Info.plist;
				IPHONEOS_DEPLOYMENT_TARGET = 9.0;
				LD_RUNPATH_SEARCH_PATHS = (
					"$(inherited)",
					"@executable_path/Frameworks",
				);
				PRODUCT_BUNDLE_IDENTIFIER = com.pingan.EasyCycleView;
				PRODUCT_NAME = "$(TARGET_NAME)";
				SWIFT_VERSION = 4.2;
				TARGETED_DEVICE_FAMILY = "1,2";
			};
			name = Debug;
		};
		A240807621E98B850058E1E1 /* Release */ = {
			isa = XCBuildConfiguration;
			baseConfigurationReference = 35640DCA0D67F5FEA1E34223 /* Pods-EasyCycleView.release.xcconfig */;
			buildSettings = {
				ASSETCATALOG_COMPILER_APPICON_NAME = AppIcon;
				CODE_SIGN_STYLE = Automatic;
				INFOPLIST_FILE = EasyCycleView/Info.plist;
				IPHONEOS_DEPLOYMENT_TARGET = 9.0;
				LD_RUNPATH_SEARCH_PATHS = (
					"$(inherited)",
					"@executable_path/Frameworks",
				);
				PRODUCT_BUNDLE_IDENTIFIER = com.pingan.EasyCycleView;
				PRODUCT_NAME = "$(TARGET_NAME)";
				SWIFT_VERSION = 4.2;
				TARGETED_DEVICE_FAMILY = "1,2";
			};
			name = Release;
		};
/* End XCBuildConfiguration section */

/* Begin XCConfigurationList section */
		A240805D21E98B830058E1E1 /* Build configuration list for PBXProject "EasyCycleView" */ = {
			isa = XCConfigurationList;
			buildConfigurations = (
				A240807221E98B850058E1E1 /* Debug */,
				A240807321E98B850058E1E1 /* Release */,
			);
			defaultConfigurationIsVisible = 0;
			defaultConfigurationName = Release;
		};
		A240807421E98B850058E1E1 /* Build configuration list for PBXNativeTarget "EasyCycleView" */ = {
			isa = XCConfigurationList;
			buildConfigurations = (
				A240807521E98B850058E1E1 /* Debug */,
				A240807621E98B850058E1E1 /* Release */,
			);
			defaultConfigurationIsVisible = 0;
			defaultConfigurationName = Release;
		};
/* End XCConfigurationList section */
	};
	rootObject = A240805A21E98B830058E1E1 /* Project object */;
}
